
Microsoft Visual Studio Solution File, Format Version 12.00
# Visual Studio Version 16
VisualStudioVersion = 16.0.31112.23
MinimumVisualStudioVersion = 10.0.40219.1
Project("{FAE04EC0-301F-11D3-BF4B-00C04F79EFBC}") = "ServerCodeMtk-P2-20190140088", "ServerCodeMtk-P2-20190140088\ServerCodeMtk-P2-20190140088.csproj", "{B45374C4-AA3E-4934-A4D5-75A4026F8176}"
EndProject
Global
	GlobalSection(SolutionConfigurationPlatforms) = preSolution
		Debug|Any CPU = Debug|Any CPU
		Release|Any CPU = Release|Any CPU
	EndGlobalSection
	GlobalSection(ProjectConfigurationPlatforms) = postSolution
		{B45374C4-AA3E-4934-A4D5-75A4026F8176}.Debug|Any CPU.ActiveCfg = Debug|Any CPU
		{B45374C4-AA3E-4934-A4D5-75A4026F8176}.Debug|Any CPU.Build.0 = Debug|Any CPU
		{B45374C4-AA3E-4934-A4D5-75A4026F8176}.Release|Any CPU.ActiveCfg = Release|Any CPU
		{B45374C4-AA3E-4934-A4D5-75A4026F8176}.Release|Any CPU.Build.0 = Release|Any CPU
	EndGlobalSection
	GlobalSection(SolutionProperties) = preSolution
		HideSolutionNode = FALSE
	EndGlobalSection
	GlobalSection(ExtensibilityGlobals) = postSolution
		SolutionGuid = {26850684-3B9C-4CDC-8819-1EC2ACBC97AE}
	EndGlobalSection
EndGlobal
